
Microsoft Visual Studio Solution File, Format Version 12.00
# Visual Studio Version 17
VisualStudioVersion = 17.10.34928.147
MinimumVisualStudioVersion = 10.0.40219.1
Project("{8BC9CEB8-8B4A-11D0-8D11-00A0C91BC942}") = "Application", "Application\Application.vcxproj", "{5150E75E-9842-4A4E-B7EB-529006C8B26B}"
EndProject
Project("{8BC9CEB8-8B4A-11D0-8D11-00A0C91BC942}") = "Core", "Core\Core.vcxproj", "{EC5E0CE1-4C31-41DE-8A13-1E85CAC98B39}"
EndProject
Project("{8BC9CEB8-8B4A-11D0-8D11-00A0C91BC942}") = "UI", "UI\UI.vcxproj", "{21F234E4-49E1-42AC-B5A0-BC46A02039CE}"
EndProject
Project("{8BC9CEB8-8B4A-11D0-8D11-00A0C91BC942}") = "World", "World\World.vcxproj", "{EFEBE7FA-8F08-4748-AE05-DB7C3BB613AB}"
EndProject
Project("{8BC9CEB8-8B4A-11D0-8D11-00A0C91BC942}") = "Engine", "Engine\Engine.vcxproj", "{7B520403-1407-412A-91FD-3B3363483130}"
EndProject
Project("{8BC9CEB8-8B4A-11D0-8D11-00A0C91BC942}") = "GameLogic", "GameLogic\GameLogic.vcxproj", "{DB93E434-4FE7-42FB-B3A1-9FD51AE9C1E9}"
EndProject
Project("{8BC9CEB8-8B4A-11D0-8D11-00A0C91BC942}") = "UnitTests", "UnitTests\UnitTests.vcxproj", "{50E4480E-316F-C5F6-131B-DDDC92AB14F8}"
EndProject
Global
	GlobalSection(SolutionConfigurationPlatforms) = preSolution
		Debug|x64 = Debug|x64
		Debug|x86 = Debug|x86
		Release|x64 = Release|x64
		Release|x86 = Release|x86
	EndGlobalSection
	GlobalSection(ProjectConfigurationPlatforms) = postSolution
		{5150E75E-9842-4A4E-B7EB-529006C8B26B}.Debug|x64.ActiveCfg = Debug|x64
		{5150E75E-9842-4A4E-B7EB-529006C8B26B}.Debug|x64.Build.0 = Debug|x64
		{5150E75E-9842-4A4E-B7EB-529006C8B26B}.Debug|x86.ActiveCfg = Debug|Win32
		{5150E75E-9842-4A4E-B7EB-529006C8B26B}.Debug|x86.Build.0 = Debug|Win32
		{5150E75E-9842-4A4E-B7EB-529006C8B26B}.Release|x64.ActiveCfg = Release|x64
		{5150E75E-9842-4A4E-B7EB-529006C8B26B}.Release|x64.Build.0 = Release|x64
		{5150E75E-9842-4A4E-B7EB-529006C8B26B}.Release|x86.ActiveCfg = Release|Win32
		{5150E75E-9842-4A4E-B7EB-529006C8B26B}.Release|x86.Build.0 = Release|Win32
		{EC5E0CE1-4C31-41DE-8A13-1E85CAC98B39}.Debug|x64.ActiveCfg = Debug|x64
		{EC5E0CE1-4C31-41DE-8A13-1E85CAC98B39}.Debug|x64.Build.0 = Debug|x64
		{EC5E0CE1-4C31-41DE-8A13-1E85CAC98B39}.Debug|x86.ActiveCfg = Debug|Win32
		{EC5E0CE1-4C31-41DE-8A13-1E85CAC98B39}.Debug|x86.Build.0 = Debug|Win32
		{EC5E0CE1-4C31-41DE-8A13-1E85CAC98B39}.Release|x64.ActiveCfg = Release|x64
		{EC5E0CE1-4C31-41DE-8A13-1E85CAC98B39}.Release|x64.Build.0 = Release|x64
		{EC5E0CE1-4C31-41DE-8A13-1E85CAC98B39}.Release|x86.ActiveCfg = Release|Win32
		{EC5E0CE1-4C31-41DE-8A13-1E85CAC98B39}.Release|x86.Build.0 = Release|Win32
		{21F234E4-49E1-42AC-B5A0-BC46A02039CE}.Debug|x64.ActiveCfg = Debug|x64
		{21F234E4-49E1-42AC-B5A0-BC46A02039CE}.Debug|x64.Build.0 = Debug|x64
		{21F234E4-49E1-42AC-B5A0-BC46A02039CE}.Debug|x86.ActiveCfg = Debug|Win32
		{21F234E4-49E1-42AC-B5A0-BC46A02039CE}.Debug|x86.Build.0 = Debug|Win32
		{21F234E4-49E1-42AC-B5A0-BC46A02039CE}.Release|x64.ActiveCfg = Release|x64
		{21F234E4-49E1-42AC-B5A0-BC46A02039CE}.Release|x64.Build.0 = Release|x64
		{21F234E4-49E1-42AC-B5A0-BC46A02039CE}.Release|x86.ActiveCfg = Release|Win32
		{21F234E4-49E1-42AC-B5A0-BC46A02039CE}.Release|x86.Build.0 = Release|Win32
		{EFEBE7FA-8F08-4748-AE05-DB7C3BB613AB}.Debug|x64.ActiveCfg = Debug|x64
		{EFEBE7FA-8F08-4748-AE05-DB7C3BB613AB}.Debug|x64.Build.0 = Debug|x64
		{EFEBE7FA-8F08-4748-AE05-DB7C3BB613AB}.Debug|x86.ActiveCfg = Debug|Win32
		{EFEBE7FA-8F08-4748-AE05-DB7C3BB613AB}.Debug|x86.Build.0 = Debug|Win32
		{EFEBE7FA-8F08-4748-AE05-DB7C3BB613AB}.Release|x64.ActiveCfg = Release|x64
		{EFEBE7FA-8F08-4748-AE05-DB7C3BB613AB}.Release|x64.Build.0 = Release|x64
		{EFEBE7FA-8F08-4748-AE05-DB7C3BB613AB}.Release|x86.ActiveCfg = Release|Win32
		{EFEBE7FA-8F08-4748-AE05-DB7C3BB613AB}.Release|x86.Build.0 = Release|Win32
		{7B520403-1407-412A-91FD-3B3363483130}.Debug|x64.ActiveCfg = Debug|x64
		{7B520403-1407-412A-91FD-3B3363483130}.Debug|x64.Build.0 = Debug|x64
		{7B520403-1407-412A-91FD-3B3363483130}.Debug|x86.ActiveCfg = Debug|Win32
		{7B520403-1407-412A-91FD-3B3363483130}.Debug|x86.Build.0 = Debug|Win32
		{7B520403-1407-412A-91FD-3B3363483130}.Release|x64.ActiveCfg = Release|x64
		{7B520403-1407-412A-91FD-3B3363483130}.Release|x64.Build.0 = Release|x64
		{7B520403-1407-412A-91FD-3B3363483130}.Release|x86.ActiveCfg = Release|Win32
		{7B520403-1407-412A-91FD-3B3363483130}.Release|x86.Build.0 = Release|Win32
		{DB93E434-4FE7-42FB-B3A1-9FD51AE9C1E9}.Debug|x64.ActiveCfg = Debug|x64
		{DB93E434-4FE7-42FB-B3A1-9FD51AE9C1E9}.Debug|x64.Build.0 = Debug|x64
		{DB93E434-4FE7-42FB-B3A1-9FD51AE9C1E9}.Debug|x86.ActiveCfg = Debug|Win32
		{DB93E434-4FE7-42FB-B3A1-9FD51AE9C1E9}.Debug|x86.Build.0 = Debug|Win32
		{DB93E434-4FE7-42FB-B3A1-9FD51AE9C1E9}.Release|x64.ActiveCfg = Release|x64
		{DB93E434-4FE7-42FB-B3A1-9FD51AE9C1E9}.Release|x64.Build.0 = Release|x64
		{DB93E434-4FE7-42FB-B3A1-9FD51AE9C1E9}.Release|x86.ActiveCfg = Release|Win32
		{DB93E434-4FE7-42FB-B3A1-9FD51AE9C1E9}.Release|x86.Build.0 = Release|Win32
		{50E4480E-316F-C5F6-131B-DDDC92AB14F8}.Debug|x64.ActiveCfg = Debug|x64
		{50E4480E-316F-C5F6-131B-DDDC92AB14F8}.Debug|x64.Build.0 = Debug|x64
		{50E4480E-316F-C5F6-131B-DDDC92AB14F8}.Debug|x86.ActiveCfg = Debug|Win32
		{50E4480E-316F-C5F6-131B-DDDC92AB14F8}.Debug|x86.Build.0 = Debug|Win32
		{50E4480E-316F-C5F6-131B-DDDC92AB14F8}.Release|x64.ActiveCfg = Release|x64
		{50E4480E-316F-C5F6-131B-DDDC92AB14F8}.Release|x64.Build.0 = Release|x64
		{50E4480E-316F-C5F6-131B-DDDC92AB14F8}.Release|x86.ActiveCfg = Release|Win32
		{50E4480E-316F-C5F6-131B-DDDC92AB14F8}.Release|x86.Build.0 = Release|Win32
	EndGlobalSection
	GlobalSection(SolutionProperties) = preSolution
		HideSolutionNode = FALSE
	EndGlobalSection
	GlobalSection(ExtensibilityGlobals) = postSolution
		SolutionGuid = {8F5F8079-37DE-452C-AAC9-3860AC0CBE7A}
	EndGlobalSection
EndGlobal
